
Microsoft Visual Studio Solution File, Format Version 12.00
# Visual Studio Version 17
VisualStudioVersion = 17.9.34701.34
MinimumVisualStudioVersion = 10.0.40219.1
Project("{FAE04EC0-301F-11D3-BF4B-00C04F79EFBC}") = "GitDogs", "GitDogs.csproj", "{E91DD6EE-8FFB-487E-941F-50C3875614D0}"
EndProject
Global
	GlobalSection(SolutionConfigurationPlatforms) = preSolution
		Debug|Any CPU = Debug|Any CPU
		Release|Any CPU = Release|Any CPU
	EndGlobalSection
	GlobalSection(ProjectConfigurationPlatforms) = postSolution
		{E91DD6EE-8FFB-487E-941F-50C3875614D0}.Debug|Any CPU.ActiveCfg = Debug|Any CPU
		{E91DD6EE-8FFB-487E-941F-50C3875614D0}.Debug|Any CPU.Build.0 = Debug|Any CPU
		{E91DD6EE-8FFB-487E-941F-50C3875614D0}.Release|Any CPU.ActiveCfg = Release|Any CPU
		{E91DD6EE-8FFB-487E-941F-50C3875614D0}.Release|Any CPU.Build.0 = Release|Any CPU
	EndGlobalSection
	GlobalSection(SolutionProperties) = preSolution
		HideSolutionNode = FALSE
	EndGlobalSection
	GlobalSection(ExtensibilityGlobals) = postSolution
		SolutionGuid = {E7FF5737-E0A0-404C-A177-EE6AEF12A712}
	EndGlobalSection
EndGlobal
